
Microsoft Visual Studio Solution File, Format Version 12.00
# Visual Studio 15
VisualStudioVersion = 15.0.28307.1300
MinimumVisualStudioVersion = 10.0.40219.1
Project("{8BC9CEB8-8B4A-11D0-8D11-00A0C91BC942}") = "CG_Project", "CG_Project\CG_Project.vcxproj", "{AD0C337B-C78E-4BE9-AF50-D3ADB2186328}"
EndProject
Global
	GlobalSection(SolutionConfigurationPlatforms) = preSolution
		Debug|x64 = Debug|x64
		Debug|x86 = Debug|x86
		Release|x64 = Release|x64
		Release|x86 = Release|x86
	EndGlobalSection
	GlobalSection(ProjectConfigurationPlatforms) = postSolution
		{AD0C337B-C78E-4BE9-AF50-D3ADB2186328}.Debug|x64.ActiveCfg = Debug|x64
		{AD0C337B-C78E-4BE9-AF50-D3ADB2186328}.Debug|x64.Build.0 = Debug|x64
		{AD0C337B-C78E-4BE9-AF50-D3ADB2186328}.Debug|x86.ActiveCfg = Debug|Win32
		{AD0C337B-C78E-4BE9-AF50-D3ADB2186328}.Debug|x86.Build.0 = Debug|Win32
		{AD0C337B-C78E-4BE9-AF50-D3ADB2186328}.Release|x64.ActiveCfg = Release|x64
		{AD0C337B-C78E-4BE9-AF50-D3ADB2186328}.Release|x64.Build.0 = Release|x64
		{AD0C337B-C78E-4BE9-AF50-D3ADB2186328}.Release|x86.ActiveCfg = Release|Win32
		{AD0C337B-C78E-4BE9-AF50-D3ADB2186328}.Release|x86.Build.0 = Release|Win32
	EndGlobalSection
	GlobalSection(SolutionProperties) = preSolution
		HideSolutionNode = FALSE
	EndGlobalSection
	GlobalSection(ExtensibilityGlobals) = postSolution
		SolutionGuid = {29E3C501-5D69-43AA-9FC1-CCCD60C6C3F1}
	EndGlobalSection
EndGlobal
